version = 1
revision = 3
requires-python = ">=3.14"

[[package]]
name = "click"
version = "8.3.1"
source = { registry = "https://pypi.org/simple" }
dependencies = [
    { name = "colorama", marker = "sys_platform == 'win32'" },
]
sdist = { url = "https://files.pythonhosted.org/packages/3d/fa/656b739db8587d7b5dfa22e22ed02566950fbfbcdc20311993483657a5c0/click-8.3.1.tar.gz", hash = "sha256:12ff4785d337a1bb490bb7e9c2b1ee5da3112e94a8622f26a6c77f5d2fc6842a", size = 295065, upload-time = "2025-11-15T20:45:42.706Z" }
wheels = [
    { url = "https://files.pythonhosted.org/packages/98/78/01c019cdb5d6498122777c1a43056ebb3ebfeef2076d9d026bfe15583b2b/click-8.3.1-py3-none-any.whl", hash = "sha256:981153a64e25f12d547d3426c367a4857371575ee7ad18df2a6183ab0545b2a6", size = 108274, upload-time = "2025-11-15T20:45:41.139Z" },
]

[[package]]
name = "colorama"
version = "0.4.6"
source = { registry = "https://pypi.org/simple" }
sdist = { url = "https://files.pythonhosted.org/packages/d8/53/6f443c9a4a8358a93a6792e2acffb9d9d5cb0a5cfd8802644b7b1c9a02e4/colorama-0.4.6.tar.gz", hash = "sha256:08695f5cb7ed6e0531a20572697297273c47b8cae5a63ffc6d6ed5c201be6e44", size = 27697, upload-time = "2022-10-25T02:36:22.414Z" }
wheels = [
    { url = "https://files.pythonhosted.org/packages/d1/d6/3965ed04c63042e047cb6a3e6ed1a63a35087b6a609aa3a15ed8ac56c221/colorama-0.4.6-py2.py3-none-any.whl", hash = "sha256:4f1d9991f5acc0ca119f9d443620b77f9d6b33703e51011c16baf57afb285fc6", size = 25335, upload-time = "2022-10-25T02:36:20.889Z" },
]

[[package]]
name = "joblib"
version = "1.5.3"
source = { registry = "https://pypi.org/simple" }
sdist = { url = "https://files.pythonhosted.org/packages/41/f2/d34e8b3a08a9cc79a50b2208a93dce981fe615b64d5a4d4abee421d898df/joblib-1.5.3.tar.gz", hash = "sha256:8561a3269e6801106863fd0d6d84bb737be9e7631e33aaed3fb9ce5953688da3", size = 331603, upload-time = "2025-12-15T08:41:46.427Z" }
wheels = [
    { url = "https://files.pythonhosted.org/packages/7b/91/984aca2ec129e2757d1e4e3c81c3fcda9d0f85b74670a094cc443d9ee949/joblib-1.5.3-py3-none-any.whl", hash = "sha256:5fc3c5039fc5ca8c0276333a188bbd59d6b7ab37fe6632daa76bc7f9ec18e713", size = 309071, upload-time = "2025-12-15T08:41:44.973Z" },
]

[[package]]
name = "nltk"
version = "3.9.1"
source = { registry = "https://pypi.org/simple" }
dependencies = [
    { name = "click" },
    { name = "joblib" },
    { name = "regex" },
    { name = "tqdm" },
]
sdist = { url = "https://files.pythonhosted.org/packages/3c/87/db8be88ad32c2d042420b6fd9ffd4a149f9a0d7f0e86b3f543be2eeeedd2/nltk-3.9.1.tar.gz", hash = "sha256:87d127bd3de4bd89a4f81265e5fa59cb1b199b27440175370f7417d2bc7ae868", size = 2904691, upload-time = "2024-08-18T19:48:37.769Z" }
wheels = [
    { url = "https://files.pythonhosted.org/packages/4d/66/7d9e26593edda06e8cb531874633f7c2372279c3b0f46235539fe546df8b/nltk-3.9.1-py3-none-any.whl", hash = "sha256:4fa26829c5b00715afe3061398a8989dc643b92ce7dd93fb4585a70930d168a1", size = 1505442, upload-time = "2024-08-18T19:48:21.909Z" },
]

[[package]]
name = "rag-search-engine"
version = "0.1.0"
source = { virtual = "." }
dependencies = [
    { name = "nltk" },
]

[package.metadata]
requires-dist = [{ name = "nltk", specifier = "==3.9.1" }]

[[package]]
name = "regex"
version = "2026.1.15"
source = { registry = "https://pypi.org/simple" }
sdist = { url = "https://files.pythonhosted.org/packages/0b/86/07d5056945f9ec4590b518171c4254a5925832eb727b56d3c38a7476f316/regex-2026.1.15.tar.gz", hash = "sha256:164759aa25575cbc0651bef59a0b18353e54300d79ace8084c818ad8ac72b7d5", size = 414811, upload-time = "2026-01-14T23:18:02.775Z" }
wheels = [
    { url = "https://files.pythonhosted.org/packages/52/0a/47fa888ec7cbbc7d62c5f2a6a888878e76169170ead271a35239edd8f0e8/regex-2026.1.15-cp314-cp314-macosx_10_13_universal2.whl", hash = "sha256:d920392a6b1f353f4aa54328c867fec3320fa50657e25f64abf17af054fc97ac", size = 489170, upload-time = "2026-01-14T23:16:19.835Z" },
    { url = "https://files.pythonhosted.org/packages/ac/c4/d000e9b7296c15737c9301708e9e7fbdea009f8e93541b6b43bdb8219646/regex-2026.1.15-cp314-cp314-macosx_10_13_x86_64.whl", hash = "sha256:b5a28980a926fa810dbbed059547b02783952e2efd9c636412345232ddb87ff6", size = 291146, upload-time = "2026-01-14T23:16:21.541Z" },
    { url = "https://files.pythonhosted.org/packages/f9/b6/921cc61982e538682bdf3bdf5b2c6ab6b34368da1f8e98a6c1ddc503c9cf/regex-2026.1.15-cp314-cp314-macosx_11_0_arm64.whl", hash = "sha256:621f73a07595d83f28952d7bd1e91e9d1ed7625fb7af0064d3516674ec93a2a2", size = 288986, upload-time = "2026-01-14T23:16:23.381Z" },
    { url = "https://files.pythonhosted.org/packages/ca/33/eb7383dde0bbc93f4fb9d03453aab97e18ad4024ac7e26cef8d1f0a2cff0/regex-2026.1.15-cp314-cp314-manylinux2014_aarch64.manylinux_2_17_aarch64.manylinux_2_28_aarch64.whl", hash = "sha256:3d7d92495f47567a9b1669c51fc8d6d809821849063d168121ef801bbc213846", size = 799098, upload-time = "2026-01-14T23:16:25.088Z" },
    { url = "https://files.pythonhosted.org/packages/27/56/b664dccae898fc8d8b4c23accd853f723bde0f026c747b6f6262b688029c/regex-2026.1.15-cp314-cp314-manylinux2014_ppc64le.manylinux_2_17_ppc64le.manylinux_2_28_ppc64le.whl", hash = "sha256:8dd16fba2758db7a3780a051f245539c4451ca20910f5a5e6ea1c08d06d4a76b", size = 864980, upload-time = "2026-01-14T23:16:27.297Z" },
    { url = "https://files.pythonhosted.org/packages/16/40/0999e064a170eddd237bae9ccfcd8f28b3aa98a38bf727a086425542a4fc/regex-2026.1.15-cp314-cp314-manylinux2014_s390x.manylinux_2_17_s390x.manylinux_2_28_s390x.whl", hash = "sha256:1e1808471fbe44c1a63e5f577a1d5f02fe5d66031dcbdf12f093ffc1305a858e", size = 911607, upload-time = "2026-01-14T23:16:29.235Z" },
    { url = "https://files.pythonhosted.org/packages/07/78/c77f644b68ab054e5a674fb4da40ff7bffb2c88df58afa82dbf86573092d/regex-2026.1.15-cp314-cp314-manylinux2014_x86_64.manylinux_2_17_x86_64.manylinux_2_28_x86_64.whl", hash = "sha256:0751a26ad39d4f2ade8fe16c59b2bf5cb19eb3d2cd543e709e583d559bd9efde", size = 803358, upload-time = "2026-01-14T23:16:31.369Z" },
    { url = "https://files.pythonhosted.org/packages/27/31/d4292ea8566eaa551fafc07797961c5963cf5235c797cc2ae19b85dfd04d/regex-2026.1.15-cp314-cp314-manylinux_2_31_riscv64.manylinux_2_39_riscv64.whl", hash = "sha256:0f0c7684c7f9ca241344ff95a1de964f257a5251968484270e91c25a755532c5", size = 775833, upload-time = "2026-01-14T23:16:33.141Z" },
    { url = "https://files.pythonhosted.org/packages/ce/b2/cff3bf2fea4133aa6fb0d1e370b37544d18c8350a2fa118c7e11d1db0e14/regex-2026.1.15-cp314-cp314-musllinux_1_2_aarch64.whl", hash = "sha256:74f45d170a21df41508cb67165456538425185baaf686281fa210d7e729abc34", size = 788045, upload-time = "2026-01-14T23:16:35.005Z" },
    { url = "https://files.pythonhosted.org/packages/8d/99/2cb9b69045372ec877b6f5124bda4eb4253bc58b8fe5848c973f752bc52c/regex-2026.1.15-cp314-cp314-musllinux_1_2_ppc64le.whl", hash = "sha256:f1862739a1ffb50615c0fde6bae6569b5efbe08d98e59ce009f68a336f64da75", size = 859374, upload-time = "2026-01-14T23:16:36.919Z" },
    { url = "https://files.pythonhosted.org/packages/09/16/710b0a5abe8e077b1729a562d2f297224ad079f3a66dce46844c193416c8/regex-2026.1.15-cp314-cp314-musllinux_1_2_riscv64.whl", hash = "sha256:453078802f1b9e2b7303fb79222c054cb18e76f7bdc220f7530fdc85d319f99e", size = 763940, upload-time = "2026-01-14T23:16:38.685Z" },
    { url = "https://files.pythonhosted.org/packages/dd/d1/7585c8e744e40eb3d32f119191969b91de04c073fca98ec14299041f6e7e/regex-2026.1.15-cp314-cp314-musllinux_1_2_s390x.whl", hash = "sha256:a30a68e89e5a218b8b23a52292924c1f4b245cb0c68d1cce9aec9bbda6e2c160", size = 850112, upload-time = "2026-01-14T23:16:40.646Z" },
    { url = "https://files.pythonhosted.org/packages/af/d6/43e1dd85df86c49a347aa57c1f69d12c652c7b60e37ec162e3096194a278/regex-2026.1.15-cp314-cp314-musllinux_1_2_x86_64.whl", hash = "sha256:9479cae874c81bf610d72b85bb681a94c95722c127b55445285fb0e2c82db8e1", size = 789586, upload-time = "2026-01-14T23:16:42.799Z" },
    { url = "https://files.pythonhosted.org/packages/93/38/77142422f631e013f316aaae83234c629555729a9fbc952b8a63ac91462a/regex-2026.1.15-cp314-cp314-win32.whl", hash = "sha256:d639a750223132afbfb8f429c60d9d318aeba03281a5f1ab49f877456448dcf1", size = 271691, upload-time = "2026-01-14T23:16:44.671Z" },
    { url = "https://files.pythonhosted.org/packages/4a/a9/ab16b4649524ca9e05213c1cdbb7faa85cc2aa90a0230d2f796cbaf22736/regex-2026.1.15-cp314-cp314-win_amd64.whl", hash = "sha256:4161d87f85fa831e31469bfd82c186923070fc970b9de75339b68f0c75b51903", size = 280422, upload-time = "2026-01-14T23:16:46.607Z" },
    { url = "https://files.pythonhosted.org/packages/be/2a/20fd057bf3521cb4791f69f869635f73e0aaf2b9ad2d260f728144f9047c/regex-2026.1.15-cp314-cp314-win_arm64.whl", hash = "sha256:91c5036ebb62663a6b3999bdd2e559fd8456d17e2b485bf509784cd31a8b1705", size = 273467, upload-time = "2026-01-14T23:16:48.967Z" },
    { url = "https://files.pythonhosted.org/packages/ad/77/0b1e81857060b92b9cad239104c46507dd481b3ff1fa79f8e7f865aae38a/regex-2026.1.15-cp314-cp314t-macosx_10_13_universal2.whl", hash = "sha256:ee6854c9000a10938c79238de2379bea30c82e4925a371711af45387df35cab8", size = 492073, upload-time = "2026-01-14T23:16:51.154Z" },
    { url = "https://files.pythonhosted.org/packages/70/f3/f8302b0c208b22c1e4f423147e1913fd475ddd6230565b299925353de644/regex-2026.1.15-cp314-cp314t-macosx_10_13_x86_64.whl", hash = "sha256:2c2b80399a422348ce5de4fe40c418d6299a0fa2803dd61dc0b1a2f28e280fcf", size = 292757, upload-time = "2026-01-14T23:16:53.08Z" },
    { url = "https://files.pythonhosted.org/packages/bf/f0/ef55de2460f3b4a6da9d9e7daacd0cb79d4ef75c64a2af316e68447f0df0/regex-2026.1.15-cp314-cp314t-macosx_11_0_arm64.whl", hash = "sha256:dca3582bca82596609959ac39e12b7dad98385b4fefccb1151b937383cec547d", size = 291122, upload-time = "2026-01-14T23:16:55.383Z" },
    { url = "https://files.pythonhosted.org/packages/cf/55/bb8ccbacabbc3a11d863ee62a9f18b160a83084ea95cdfc5d207bfc3dd75/regex-2026.1.15-cp314-cp314t-manylinux2014_aarch64.manylinux_2_17_aarch64.manylinux_2_28_aarch64.whl", hash = "sha256:ef71d476caa6692eea743ae5ea23cde3260677f70122c4d258ca952e5c2d4e84", size = 807761, upload-time = "2026-01-14T23:16:57.251Z" },
    { url = "https://files.pythonhosted.org/packages/8f/84/f75d937f17f81e55679a0509e86176e29caa7298c38bd1db7ce9c0bf6075/regex-2026.1.15-cp314-cp314t-manylinux2014_ppc64le.manylinux_2_17_ppc64le.manylinux_2_28_ppc64le.whl", hash = "sha256:c243da3436354f4af6c3058a3f81a97d47ea52c9bd874b52fd30274853a1d5df", size = 873538, upload-time = "2026-01-14T23:16:59.349Z" },
    { url = "https://files.pythonhosted.org/packages/b8/d9/0da86327df70349aa8d86390da91171bd3ca4f0e7c1d1d453a9c10344da3/regex-2026.1.15-cp314-cp314t-manylinux2014_s390x.manylinux_2_17_s390x.manylinux_2_28_s390x.whl", hash = "sha256:8355ad842a7c7e9e5e55653eade3b7d1885ba86f124dd8ab1f722f9be6627434", size = 915066, upload-time = "2026-01-14T23:17:01.607Z" },
    { url = "https://files.pythonhosted.org/packages/2a/5e/f660fb23fc77baa2a61aa1f1fe3a4eea2bbb8a286ddec148030672e18834/regex-2026.1.15-cp314-cp314t-manylinux2014_x86_64.manylinux_2_17_x86_64.manylinux_2_28_x86_64.whl", hash = "sha256:f192a831d9575271a22d804ff1a5355355723f94f31d9eef25f0d45a152fdc1a", size = 812938, upload-time = "2026-01-14T23:17:04.366Z" },
    { url = "https://files.pythonhosted.org/packages/69/33/a47a29bfecebbbfd1e5cd3f26b28020a97e4820f1c5148e66e3b7d4b4992/regex-2026.1.15-cp314-cp314t-manylinux_2_31_riscv64.manylinux_2_39_riscv64.whl", hash = "sha256:166551807ec20d47ceaeec380081f843e88c8949780cd42c40f18d16168bed10", size = 781314, upload-time = "2026-01-14T23:17:06.378Z" },
    { url = "https://files.pythonhosted.org/packages/65/ec/7ec2bbfd4c3f4e494a24dec4c6943a668e2030426b1b8b949a6462d2c17b/regex-2026.1.15-cp314-cp314t-musllinux_1_2_aarch64.whl", hash = "sha256:f9ca1cbdc0fbfe5e6e6f8221ef2309988db5bcede52443aeaee9a4ad555e0dac", size = 795652, upload-time = "2026-01-14T23:17:08.521Z" },
    { url = "https://files.pythonhosted.org/packages/46/79/a5d8651ae131fe27d7c521ad300aa7f1c7be1dbeee4d446498af5411b8a9/regex-2026.1.15-cp314-cp314t-musllinux_1_2_ppc64le.whl", hash = "sha256:b30bcbd1e1221783c721483953d9e4f3ab9c5d165aa709693d3f3946747b1aea", size = 868550, upload-time = "2026-01-14T23:17:10.573Z" },
    { url = "https://files.pythonhosted.org/packages/06/b7/25635d2809664b79f183070786a5552dd4e627e5aedb0065f4e3cf8ee37d/regex-2026.1.15-cp314-cp314t-musllinux_1_2_riscv64.whl", hash = "sha256:2a8d7b50c34578d0d3bf7ad58cde9652b7d683691876f83aedc002862a35dc5e", size = 769981, upload-time = "2026-01-14T23:17:12.871Z" },
    { url = "https://files.pythonhosted.org/packages/16/8b/fc3fcbb2393dcfa4a6c5ffad92dc498e842df4581ea9d14309fcd3c55fb9/regex-2026.1.15-cp314-cp314t-musllinux_1_2_s390x.whl", hash = "sha256:9d787e3310c6a6425eb346be4ff2ccf6eece63017916fd77fe8328c57be83521", size = 854780, upload-time = "2026-01-14T23:17:14.837Z" },
    { url = "https://files.pythonhosted.org/packages/d0/38/dde117c76c624713c8a2842530be9c93ca8b606c0f6102d86e8cd1ce8bea/regex-2026.1.15-cp314-cp314t-musllinux_1_2_x86_64.whl", hash = "sha256:619843841e220adca114118533a574a9cd183ed8a28b85627d2844c500a2b0db", size = 799778, upload-time = "2026-01-14T23:17:17.369Z" },
    { url = "https://files.pythonhosted.org/packages/e3/0d/3a6cfa9ae99606afb612d8fb7a66b245a9d5ff0f29bb347c8a30b6ad561b/regex-2026.1.15-cp314-cp314t-win32.whl", hash = "sha256:e90b8db97f6f2c97eb045b51a6b2c5ed69cedd8392459e0642d4199b94fabd7e", size = 274667, upload-time = "2026-01-14T23:17:19.301Z" },
    { url = "https://files.pythonhosted.org/packages/5b/b2/297293bb0742fd06b8d8e2572db41a855cdf1cae0bf009b1cb74fe07e196/regex-2026.1.15-cp314-cp314t-win_amd64.whl", hash = "sha256:5ef19071f4ac9f0834793af85bd04a920b4407715624e40cb7a0631a11137cdf", size = 284386, upload-time = "2026-01-14T23:17:21.231Z" },
    { url = "https://files.pythonhosted.org/packages/95/e4/a3b9480c78cf8ee86626cb06f8d931d74d775897d44201ccb813097ae697/regex-2026.1.15-cp314-cp314t-win_arm64.whl", hash = "sha256:ca89c5e596fc05b015f27561b3793dc2fa0917ea0d7507eebb448efd35274a70", size = 274837, upload-time = "2026-01-14T23:17:23.146Z" },
]

[[package]]
name = "tqdm"
version = "4.67.3"
source = { registry = "https://pypi.org/simple" }
dependencies = [
    { name = "colorama", marker = "sys_platform == 'win32'" },
]
sdist = { url = "https://files.pythonhosted.org/packages/09/a9/6ba95a270c6f1fbcd8dac228323f2777d886cb206987444e4bce66338dd4/tqdm-4.67.3.tar.gz", hash = "sha256:7d825f03f89244ef73f1d4ce193cb1774a8179fd96f31d7e1dcde62092b960bb", size = 169598, upload-time = "2026-02-03T17:35:53.048Z" }
wheels = [
    { url = "https://files.pythonhosted.org/packages/16/e1/3079a9ff9b8e11b846c6ac5c8b5bfb7ff225eee721825310c91b3b50304f/tqdm-4.67.3-py3-none-any.whl", hash = "sha256:ee1e4c0e59148062281c49d80b25b67771a127c85fc9676d3be5f243206826bf", size = 78374, upload-time = "2026-02-03T17:35:50.982Z" },
]
